{
  "name": "HAPI",
  "version": "1.0.0",
  "lockfileVersion": 1,
  "requires": true,
  "dependencies": {
    "abstract-logging": {
      "version": "1.0.0",
      "resolved": "http://registry.npm.taobao.org/abstract-logging/download/abstract-logging-1.0.0.tgz",
      "integrity": "sha1-i33q/TEFWbwo93ck3RuzAXcnjBs="
    },
    "accept": {
      "version": "3.0.2",
      "resolved": "http://registry.npm.taobao.org/accept/download/accept-3.0.2.tgz",
      "integrity": "sha1-g+Qc7H4RSfP9R0iAQjhz22xsyaw=",
      "requires": {
        "boom": "7.2.0",
        "hoek": "5.0.3"
      }
    },
    "ammo": {
      "version": "3.0.0",
      "resolved": "http://registry.npm.taobao.org/ammo/download/ammo-3.0.0.tgz",
      "integrity": "sha1-MPMi9woJBOruF4j00mxb4dctoYE=",
      "requires": {
        "boom": "6.0.0",
        "hoek": "5.0.3"
      },
      "dependencies": {
        "boom": {
          "version": "6.0.0",
          "resolved": "http://registry.npm.taobao.org/boom/download/boom-6.0.0.tgz",
          "integrity": "sha1-mzbFKhKvqz8OVVNhMbf9UCGq0Mw=",
          "requires": {
            "hoek": "5.0.3"
          }
        }
      }
    },
    "ansi-styles": {
      "version": "3.2.1",
      "resolved": "http://registry.npm.taobao.org/ansi-styles/download/ansi-styles-3.2.1.tgz",
      "integrity": "sha1-QfuyAkPlCxK+DwS43tvwdSDOhB0=",
      "requires": {
        "color-convert": "1.9.1"
      }
    },
    "b64": {
      "version": "4.0.0",
      "resolved": "http://registry.npm.taobao.org/b64/download/b64-4.0.0.tgz",
      "integrity": "sha1-w39Yfwo4PHAZ6CESDow/WPDSJ3I="
    },
    "big-time": {
      "version": "2.0.1",
      "resolved": "http://registry.npm.taobao.org/big-time/download/big-time-2.0.1.tgz",
      "integrity": "sha1-aMffjcMPl+lT8lpnp2rJcTwWyd4="
    },
    "boom": {
      "version": "7.2.0",
      "resolved": "http://registry.npm.taobao.org/boom/download/boom-7.2.0.tgz",
      "integrity": "sha1-K/8kpVVldn/ehp7ICDF+sQxI6WY=",
      "requires": {
        "hoek": "5.0.3"
      }
    },
    "bounce": {
      "version": "1.2.0",
      "resolved": "http://registry.npm.taobao.org/bounce/download/bounce-1.2.0.tgz",
      "integrity": "sha1-47rGjHP9JW44CWVR78CfUEhzyMg=",
      "requires": {
        "boom": "7.2.0",
        "hoek": "5.0.3"
      }
    },
    "call": {
      "version": "5.0.1",
      "resolved": "http://registry.npm.taobao.org/call/download/call-5.0.1.tgz",
      "integrity": "sha1-rBtcEG2e3CoXrypKT3TdTwwG6RA=",
      "requires": {
        "boom": "7.2.0",
        "hoek": "5.0.3"
      }
    },
    "catbox": {
      "version": "10.0.2",
      "resolved": "http://registry.npm.taobao.org/catbox/download/catbox-10.0.2.tgz",
      "integrity": "sha1-5qwfNRAtGpvQeRW4LlCNErUKi/o=",
      "requires": {
        "boom": "7.2.0",
        "bounce": "1.2.0",
        "hoek": "5.0.3",
        "joi": "13.1.2"
      }
    },
    "catbox-memory": {
      "version": "3.1.2",
      "resolved": "http://registry.npm.taobao.org/catbox-memory/download/catbox-memory-3.1.2.tgz",
      "integrity": "sha1-Su7BvJlEGcD35gCH8XKq7dm0kRw=",
      "requires": {
        "big-time": "2.0.1",
        "boom": "7.2.0",
        "hoek": "5.0.3"
      }
    },
    "chalk": {
      "version": "2.3.2",
      "resolved": "http://registry.npm.taobao.org/chalk/download/chalk-2.3.2.tgz",
      "integrity": "sha1-JQ3JawdJG/1gHmSNZt319gx6XGU=",
      "requires": {
        "ansi-styles": "3.2.1",
        "escape-string-regexp": "1.0.5",
        "supports-color": "5.3.0"
      }
    },
    "color-convert": {
      "version": "1.9.1",
      "resolved": "http://registry.npm.taobao.org/color-convert/download/color-convert-1.9.1.tgz",
      "integrity": "sha1-wSYRB66y8pTr/+ye2eytUppgl+0=",
      "requires": {
        "color-name": "1.1.3"
      }
    },
    "color-name": {
      "version": "1.1.3",
      "resolved": "http://registry.npm.taobao.org/color-name/download/color-name-1.1.3.tgz",
      "integrity": "sha1-p9BVi9icQveV3UIyj3QIMcpTvCU="
    },
    "content": {
      "version": "4.0.5",
      "resolved": "http://registry.npm.taobao.org/content/download/content-4.0.5.tgz",
      "integrity": "sha1-vFR96ryImrabzhf681hcKfTEG/I=",
      "requires": {
        "boom": "7.2.0"
      }
    },
    "core-util-is": {
      "version": "1.0.2",
      "resolved": "http://registry.npm.taobao.org/core-util-is/download/core-util-is-1.0.2.tgz",
      "integrity": "sha1-tf1UIgqivFq1eqtxQMlAdUUDwac="
    },
    "cryptiles": {
      "version": "4.1.1",
      "resolved": "http://registry.npm.taobao.org/cryptiles/download/cryptiles-4.1.1.tgz",
      "integrity": "sha1-FpJWud+f48c/gIXJnjCzIkfUq0Y=",
      "requires": {
        "boom": "7.2.0"
      }
    },
    "end-of-stream": {
      "version": "1.4.1",
      "resolved": "http://registry.npm.taobao.org/end-of-stream/download/end-of-stream-1.4.1.tgz",
      "integrity": "sha1-7SljTRm6ukY7bOa4CjchPqtx7EM=",
      "requires": {
        "once": "1.4.0"
      }
    },
    "escape-string-regexp": {
      "version": "1.0.5",
      "resolved": "http://registry.npm.taobao.org/escape-string-regexp/download/escape-string-regexp-1.0.5.tgz",
      "integrity": "sha1-G2HAViGQqN/2rjuyzwIAyhMLhtQ="
    },
    "fast-json-parse": {
      "version": "1.0.3",
      "resolved": "http://registry.npm.taobao.org/fast-json-parse/download/fast-json-parse-1.0.3.tgz",
      "integrity": "sha1-Q+XGHuTvqSZWMwRrdw+2gqdXfE0="
    },
    "fast-safe-stringify": {
      "version": "1.2.3",
      "resolved": "http://registry.npm.taobao.org/fast-safe-stringify/download/fast-safe-stringify-1.2.3.tgz",
      "integrity": "sha1-n+IsN/svf4bwa48AQ3fb+PHue8E="
    },
    "flatstr": {
      "version": "1.0.5",
      "resolved": "http://registry.npm.taobao.org/flatstr/download/flatstr-1.0.5.tgz",
      "integrity": "sha1-W0UbCMvUji6sVKK74L9GFlqhS+M="
    },
    "hapi": {
      "version": "17.3.1",
      "resolved": "http://registry.npm.taobao.org/hapi/download/hapi-17.3.1.tgz",
      "integrity": "sha1-2ZZ50gg4nhKhOpH1WTKzKrfc7/E=",
      "requires": {
        "accept": "3.0.2",
        "ammo": "3.0.0",
        "boom": "7.2.0",
        "bounce": "1.2.0",
        "call": "5.0.1",
        "catbox": "10.0.2",
        "catbox-memory": "3.1.2",
        "heavy": "6.1.0",
        "hoek": "5.0.3",
        "joi": "13.1.2",
        "mimos": "4.0.0",
        "podium": "3.1.2",
        "shot": "4.0.5",
        "statehood": "6.0.6",
        "subtext": "6.0.7",
        "teamwork": "3.0.1",
        "topo": "3.0.0"
      }
    },
    "hapi-pino": {
      "version": "4.0.4",
      "resolved": "http://registry.npm.taobao.org/hapi-pino/download/hapi-pino-4.0.4.tgz",
      "integrity": "sha1-XOwi16Xa4oI6mv9X63OuDaTlt4o=",
      "requires": {
        "abstract-logging": "1.0.0",
        "hoek": "5.0.3",
        "pino": "4.16.1"
      }
    },
    "has-flag": {
      "version": "3.0.0",
      "resolved": "http://registry.npm.taobao.org/has-flag/download/has-flag-3.0.0.tgz",
      "integrity": "sha1-tdRU3CGZriJWmfNGfloH87lVuv0="
    },
    "heavy": {
      "version": "6.1.0",
      "resolved": "http://registry.npm.taobao.org/heavy/download/heavy-6.1.0.tgz",
      "integrity": "sha1-G7+kPcYd1LVD7eP/h9uDBreWcnQ=",
      "requires": {
        "boom": "7.2.0",
        "hoek": "5.0.3",
        "joi": "13.1.2"
      }
    },
    "hoek": {
      "version": "5.0.3",
      "resolved": "http://registry.npm.taobao.org/hoek/download/hoek-5.0.3.tgz",
      "integrity": "sha1-tx1A2UPQqV2gGVa1R/g8SltKNKw="
    },
    "inert": {
      "version": "5.1.0",
      "resolved": "http://registry.npm.taobao.org/inert/download/inert-5.1.0.tgz",
      "integrity": "sha1-6fEw3DBHzNn/qmSxV7TBEUYRA10=",
      "requires": {
        "ammo": "3.0.0",
        "boom": "7.2.0",
        "bounce": "1.2.0",
        "hoek": "5.0.3",
        "joi": "13.1.2",
        "lru-cache": "4.1.2"
      }
    },
    "inherits": {
      "version": "2.0.3",
      "resolved": "http://registry.npm.taobao.org/inherits/download/inherits-2.0.3.tgz",
      "integrity": "sha1-Yzwsg+PaQqUC9SRmAiSA9CCCYd4="
    },
    "iron": {
      "version": "5.0.4",
      "resolved": "http://registry.npm.taobao.org/iron/download/iron-5.0.4.tgz",
      "integrity": "sha1-AD7YIvZW8HwrYnYoFfXeOUcyaGc=",
      "requires": {
        "boom": "7.2.0",
        "cryptiles": "4.1.1",
        "hoek": "5.0.3"
      }
    },
    "isarray": {
      "version": "1.0.0",
      "resolved": "http://registry.npm.taobao.org/isarray/download/isarray-1.0.0.tgz",
      "integrity": "sha1-u5NdSFgsuhaMBoNJV6VKPgcSTxE="
    },
    "isemail": {
      "version": "3.1.2",
      "resolved": "http://registry.npm.taobao.org/isemail/download/isemail-3.1.2.tgz",
      "integrity": "sha1-k3z5GQAgd5mac+qLGVHVkOhOAd0=",
      "requires": {
        "punycode": "2.1.0"
      }
    },
    "joi": {
      "version": "13.1.2",
      "resolved": "http://registry.npm.taobao.org/joi/download/joi-13.1.2.tgz",
      "integrity": "sha1-stsmAyPMf5Gfr6UeCeInW9CJqX4=",
      "requires": {
        "hoek": "5.0.3",
        "isemail": "3.1.2",
        "topo": "3.0.0"
      }
    },
    "lru-cache": {
      "version": "4.1.2",
      "resolved": "http://registry.npm.taobao.org/lru-cache/download/lru-cache-4.1.2.tgz",
      "integrity": "sha1-RSNLLm4vKzPaElYkxGZJKaAiTD8=",
      "requires": {
        "pseudomap": "1.0.2",
        "yallist": "2.1.2"
      }
    },
    "mime-db": {
      "version": "1.33.0",
      "resolved": "http://registry.npm.taobao.org/mime-db/download/mime-db-1.33.0.tgz",
      "integrity": "sha1-o0kgUKXLm2NFBUHjnZeI0icng9s="
    },
    "mimos": {
      "version": "4.0.0",
      "resolved": "http://registry.npm.taobao.org/mimos/download/mimos-4.0.0.tgz",
      "integrity": "sha1-duPScShDHLZIL9FbIEdXGa1ialo=",
      "requires": {
        "hoek": "5.0.3",
        "mime-db": "1.33.0"
      }
    },
    "nigel": {
      "version": "3.0.1",
      "resolved": "http://registry.npm.taobao.org/nigel/download/nigel-3.0.1.tgz",
      "integrity": "sha1-SKCIWdZRdzEvHCWvclLB4HuwfCo=",
      "requires": {
        "hoek": "5.0.3",
        "vise": "3.0.0"
      }
    },
    "once": {
      "version": "1.4.0",
      "resolved": "http://registry.npm.taobao.org/once/download/once-1.4.0.tgz",
      "integrity": "sha1-WDsap3WWHUsROsF9nFC6753Xa9E=",
      "requires": {
        "wrappy": "1.0.2"
      }
    },
    "pez": {
      "version": "4.0.2",
      "resolved": "http://registry.npm.taobao.org/pez/download/pez-4.0.2.tgz",
      "integrity": "sha1-CnyBtklo6QsOlWKzmPOQk56cS1M=",
      "requires": {
        "b64": "4.0.0",
        "boom": "7.2.0",
        "content": "4.0.5",
        "hoek": "5.0.3",
        "nigel": "3.0.1"
      }
    },
    "pino": {
      "version": "4.16.1",
      "resolved": "http://registry.npm.taobao.org/pino/download/pino-4.16.1.tgz",
      "integrity": "sha1-i8traF7k1OJq3+eaBfEva0aWLUA=",
      "requires": {
        "chalk": "2.3.2",
        "fast-json-parse": "1.0.3",
        "fast-safe-stringify": "1.2.3",
        "flatstr": "1.0.5",
        "pino-std-serializers": "2.0.0",
        "pump": "3.0.0",
        "quick-format-unescaped": "1.1.2",
        "split2": "2.2.0"
      }
    },
    "pino-std-serializers": {
      "version": "2.0.0",
      "resolved": "http://registry.npm.taobao.org/pino-std-serializers/download/pino-std-serializers-2.0.0.tgz",
      "integrity": "sha1-Y8us80vtjJXdLGfuyCTki43TRF8="
    },
    "podium": {
      "version": "3.1.2",
      "resolved": "http://registry.npm.taobao.org/podium/download/podium-3.1.2.tgz",
      "integrity": "sha1-twFClznPa93mswFa5rSNQAgXzp4=",
      "requires": {
        "hoek": "5.0.3",
        "joi": "13.1.2"
      }
    },
    "process-nextick-args": {
      "version": "2.0.0",
      "resolved": "http://registry.npm.taobao.org/process-nextick-args/download/process-nextick-args-2.0.0.tgz",
      "integrity": "sha1-o31zL0JxtKsa0HDTVQjoKQeI/6o="
    },
    "pseudomap": {
      "version": "1.0.2",
      "resolved": "http://registry.npm.taobao.org/pseudomap/download/pseudomap-1.0.2.tgz",
      "integrity": "sha1-8FKijacOYYkX7wqKw0wa5aaChrM="
    },
    "pump": {
      "version": "3.0.0",
      "resolved": "http://registry.npm.taobao.org/pump/download/pump-3.0.0.tgz",
      "integrity": "sha1-tKIRaBW94vTh6mAjVOjHVWUQemQ=",
      "requires": {
        "end-of-stream": "1.4.1",
        "once": "1.4.0"
      }
    },
    "punycode": {
      "version": "2.1.0",
      "resolved": "http://registry.npm.taobao.org/punycode/download/punycode-2.1.0.tgz",
      "integrity": "sha1-X4Y+3Im5bbCQdLrXlHvwkFbKTn0="
    },
    "quick-format-unescaped": {
      "version": "1.1.2",
      "resolved": "http://registry.npm.taobao.org/quick-format-unescaped/download/quick-format-unescaped-1.1.2.tgz",
      "integrity": "sha1-DKWB3jF0vs7yWsPC6JVjQjgdtpg=",
      "requires": {
        "fast-safe-stringify": "1.2.3"
      }
    },
    "readable-stream": {
      "version": "2.3.6",
      "resolved": "http://registry.npm.taobao.org/readable-stream/download/readable-stream-2.3.6.tgz",
      "integrity": "sha1-sRwn2IuP8fvgcGQ8+UsMea4bCq8=",
      "requires": {
        "core-util-is": "1.0.2",
        "inherits": "2.0.3",
        "isarray": "1.0.0",
        "process-nextick-args": "2.0.0",
        "safe-buffer": "5.1.1",
        "string_decoder": "1.1.1",
        "util-deprecate": "1.0.2"
      }
    },
    "safe-buffer": {
      "version": "5.1.1",
      "resolved": "http://registry.npm.taobao.org/safe-buffer/download/safe-buffer-5.1.1.tgz",
      "integrity": "sha1-iTMSr2myEj3vcfV4iQAWce6yyFM="
    },
    "shot": {
      "version": "4.0.5",
      "resolved": "http://registry.npm.taobao.org/shot/download/shot-4.0.5.tgz",
      "integrity": "sha1-x+dFXRHWD2ts08Q+FaO0McF+VWY=",
      "requires": {
        "hoek": "5.0.3",
        "joi": "13.1.2"
      }
    },
    "split2": {
      "version": "2.2.0",
      "resolved": "http://registry.npm.taobao.org/split2/download/split2-2.2.0.tgz",
      "integrity": "sha1-GGsldbz4PoW30YRldWI47k7kJJM=",
      "requires": {
        "through2": "2.0.3"
      }
    },
    "statehood": {
      "version": "6.0.6",
      "resolved": "http://registry.npm.taobao.org/statehood/download/statehood-6.0.6.tgz",
      "integrity": "sha1-Db18UHdNP2GiTkKwZzCTu8gfpfA=",
      "requires": {
        "boom": "7.2.0",
        "bounce": "1.2.0",
        "cryptiles": "4.1.1",
        "hoek": "5.0.3",
        "iron": "5.0.4",
        "joi": "13.1.2"
      }
    },
    "string_decoder": {
      "version": "1.1.1",
      "resolved": "http://registry.npm.taobao.org/string_decoder/download/string_decoder-1.1.1.tgz",
      "integrity": "sha1-nPFhG6YmhdcDCunkujQUnDrwP8g=",
      "requires": {
        "safe-buffer": "5.1.1"
      }
    },
    "subtext": {
      "version": "6.0.7",
      "resolved": "http://registry.npm.taobao.org/subtext/download/subtext-6.0.7.tgz",
      "integrity": "sha1-jkCmeQGnNNWYFCZlyQ45g2m4hfk=",
      "requires": {
        "boom": "7.2.0",
        "content": "4.0.5",
        "hoek": "5.0.3",
        "pez": "4.0.2",
        "wreck": "14.0.2"
      }
    },
    "supports-color": {
      "version": "5.3.0",
      "resolved": "http://registry.npm.taobao.org/supports-color/download/supports-color-5.3.0.tgz",
      "integrity": "sha1-WySsFduA+pJ89SJ6SjP9PEx2dsA=",
      "requires": {
        "has-flag": "3.0.0"
      }
    },
    "teamwork": {
      "version": "3.0.1",
      "resolved": "http://registry.npm.taobao.org/teamwork/download/teamwork-3.0.1.tgz",
      "integrity": "sha1-/zjHFh9B+AcLeBNxbrYVQDbs4ZY="
    },
    "through2": {
      "version": "2.0.3",
      "resolved": "http://registry.npm.taobao.org/through2/download/through2-2.0.3.tgz",
      "integrity": "sha1-AARWmzfHx0ujnEPzzteNGtlBQL4=",
      "requires": {
        "readable-stream": "2.3.6",
        "xtend": "4.0.1"
      }
    },
    "topo": {
      "version": "3.0.0",
      "resolved": "http://registry.npm.taobao.org/topo/download/topo-3.0.0.tgz",
      "integrity": "sha1-N+SMMw7+rHhFOOCs0+YspeIx/no=",
      "requires": {
        "hoek": "5.0.3"
      }
    },
    "util-deprecate": {
      "version": "1.0.2",
      "resolved": "http://registry.npm.taobao.org/util-deprecate/download/util-deprecate-1.0.2.tgz",
      "integrity": "sha1-RQ1Nyfpw3nMnYvvS1KKJgUGaDM8="
    },
    "vise": {
      "version": "3.0.0",
      "resolved": "http://registry.npm.taobao.org/vise/download/vise-3.0.0.tgz",
      "integrity": "sha1-dq0UqzFmnFD7sIF7wOcv7cuzv0w=",
      "requires": {
        "hoek": "5.0.3"
      }
    },
    "wrappy": {
      "version": "1.0.2",
      "resolved": "http://registry.npm.taobao.org/wrappy/download/wrappy-1.0.2.tgz",
      "integrity": "sha1-tSQ9jz7BqjXxNkYFvA0QNuMKtp8="
    },
    "wreck": {
      "version": "14.0.2",
      "resolved": "http://registry.npm.taobao.org/wreck/download/wreck-14.0.2.tgz",
      "integrity": "sha1-icF6kGHHRe0cOuvLZuoYHbqrRUw=",
      "requires": {
        "boom": "7.2.0",
        "hoek": "5.0.3"
      }
    },
    "xtend": {
      "version": "4.0.1",
      "resolved": "http://registry.npm.taobao.org/xtend/download/xtend-4.0.1.tgz",
      "integrity": "sha1-pcbVMr5lbiPbgg77lDofBJmNY68="
    },
    "yallist": {
      "version": "2.1.2",
      "resolved": "http://registry.npm.taobao.org/yallist/download/yallist-2.1.2.tgz",
      "integrity": "sha1-HBH5IY8HYImkfdUS+TxmmaaoHVI="
    }
  }
}
